
Microsoft Visual Studio Solution File, Format Version 12.00
# Visual Studio 15
VisualStudioVersion = 15.0.28307.572
MinimumVisualStudioVersion = 10.0.40219.1
Project("{FAE04EC0-301F-11D3-BF4B-00C04F79EFBC}") = "VcwBackend", "VcwBackend\VcwBackend.csproj", "{885970D3-1DA2-4357-B3EC-3AB1730F4B37}"
EndProject
Global
	GlobalSection(SolutionConfigurationPlatforms) = preSolution
		Debug|Any CPU = Debug|Any CPU
		Release|Any CPU = Release|Any CPU
	EndGlobalSection
	GlobalSection(ProjectConfigurationPlatforms) = postSolution
		{885970D3-1DA2-4357-B3EC-3AB1730F4B37}.Debug|Any CPU.ActiveCfg = Debug|Any CPU
		{885970D3-1DA2-4357-B3EC-3AB1730F4B37}.Debug|Any CPU.Build.0 = Debug|Any CPU
		{885970D3-1DA2-4357-B3EC-3AB1730F4B37}.Release|Any CPU.ActiveCfg = Release|Any CPU
		{885970D3-1DA2-4357-B3EC-3AB1730F4B37}.Release|Any CPU.Build.0 = Release|Any CPU
	EndGlobalSection
	GlobalSection(SolutionProperties) = preSolution
		HideSolutionNode = FALSE
	EndGlobalSection
	GlobalSection(ExtensibilityGlobals) = postSolution
		SolutionGuid = {44D029FA-A0C6-4EB4-8A86-C95A73665B42}
	EndGlobalSection
EndGlobal
