
Microsoft Visual Studio Solution File, Format Version 12.00
# Visual Studio 15
VisualStudioVersion = 15.0.28307.572
MinimumVisualStudioVersion = 10.0.40219.1
Project("{9A19103F-16F7-4668-BE54-9A1E7A4F7556}") = "VcwBackend", "VcwBackend\VcwBackend.csproj", "{885970D3-1DA2-4357-B3EC-3AB1730F4B37}"
EndProject
Project("{2150E333-8FDC-42A3-9474-1A3956D46DE8}") = "Docs", "Docs", "{FC5726F8-9B5D-4632-A6EA-BE7F2CBEA68C}"
EndProject
Project("{2150E333-8FDC-42A3-9474-1A3956D46DE8}") = "src", "src", "{05132D3B-67BC-480A-B5F1-6BCE8B86B01F}"
EndProject
Project("{2150E333-8FDC-42A3-9474-1A3956D46DE8}") = "Core", "Core", "{C211BBD8-D647-4474-8E51-AAB925BBD9F8}"
EndProject
Project("{2150E333-8FDC-42A3-9474-1A3956D46DE8}") = "Infrastructures", "Infrastructures", "{F6A03508-CBB2-4115-B951-616DB17C48B8}"
EndProject
Project("{2150E333-8FDC-42A3-9474-1A3956D46DE8}") = "Presentation", "Presentation", "{7E03F870-7A83-48C5-84AD-AF2C871B2CA5}"
EndProject
Project("{9A19103F-16F7-4668-BE54-9A1E7A4F7556}") = "Application", "Application\Application.csproj", "{92EFFD95-272B-4BE2-B5C0-CCB16707DDBA}"
EndProject
Project("{9A19103F-16F7-4668-BE54-9A1E7A4F7556}") = "Domain", "Domain\Domain.csproj", "{41B661DE-1B1F-4A06-AB71-55C1D740A3E7}"
EndProject
Project("{9A19103F-16F7-4668-BE54-9A1E7A4F7556}") = "Infrastructure", "Infrastructure\Infrastructure.csproj", "{9C358EBF-7156-4F74-A2AB-F12742BC4409}"
EndProject
Project("{9A19103F-16F7-4668-BE54-9A1E7A4F7556}") = "Persistence", "Persistence\Persistence.csproj", "{3C308B25-8267-46A5-B632-1F4C0A1B3E71}"
EndProject
Global
	GlobalSection(SolutionConfigurationPlatforms) = preSolution
		Debug|Any CPU = Debug|Any CPU
		Release|Any CPU = Release|Any CPU
	EndGlobalSection
	GlobalSection(ProjectConfigurationPlatforms) = postSolution
		{885970D3-1DA2-4357-B3EC-3AB1730F4B37}.Debug|Any CPU.ActiveCfg = Debug|Any CPU
		{885970D3-1DA2-4357-B3EC-3AB1730F4B37}.Debug|Any CPU.Build.0 = Debug|Any CPU
		{885970D3-1DA2-4357-B3EC-3AB1730F4B37}.Release|Any CPU.ActiveCfg = Release|Any CPU
		{885970D3-1DA2-4357-B3EC-3AB1730F4B37}.Release|Any CPU.Build.0 = Release|Any CPU
		{92EFFD95-272B-4BE2-B5C0-CCB16707DDBA}.Debug|Any CPU.ActiveCfg = Debug|Any CPU
		{92EFFD95-272B-4BE2-B5C0-CCB16707DDBA}.Debug|Any CPU.Build.0 = Debug|Any CPU
		{92EFFD95-272B-4BE2-B5C0-CCB16707DDBA}.Release|Any CPU.ActiveCfg = Release|Any CPU
		{92EFFD95-272B-4BE2-B5C0-CCB16707DDBA}.Release|Any CPU.Build.0 = Release|Any CPU
		{41B661DE-1B1F-4A06-AB71-55C1D740A3E7}.Debug|Any CPU.ActiveCfg = Debug|Any CPU
		{41B661DE-1B1F-4A06-AB71-55C1D740A3E7}.Debug|Any CPU.Build.0 = Debug|Any CPU
		{41B661DE-1B1F-4A06-AB71-55C1D740A3E7}.Release|Any CPU.ActiveCfg = Release|Any CPU
		{41B661DE-1B1F-4A06-AB71-55C1D740A3E7}.Release|Any CPU.Build.0 = Release|Any CPU
		{9C358EBF-7156-4F74-A2AB-F12742BC4409}.Debug|Any CPU.ActiveCfg = Debug|Any CPU
		{9C358EBF-7156-4F74-A2AB-F12742BC4409}.Debug|Any CPU.Build.0 = Debug|Any CPU
		{9C358EBF-7156-4F74-A2AB-F12742BC4409}.Release|Any CPU.ActiveCfg = Release|Any CPU
		{9C358EBF-7156-4F74-A2AB-F12742BC4409}.Release|Any CPU.Build.0 = Release|Any CPU
		{3C308B25-8267-46A5-B632-1F4C0A1B3E71}.Debug|Any CPU.ActiveCfg = Debug|Any CPU
		{3C308B25-8267-46A5-B632-1F4C0A1B3E71}.Debug|Any CPU.Build.0 = Debug|Any CPU
		{3C308B25-8267-46A5-B632-1F4C0A1B3E71}.Release|Any CPU.ActiveCfg = Release|Any CPU
		{3C308B25-8267-46A5-B632-1F4C0A1B3E71}.Release|Any CPU.Build.0 = Release|Any CPU
	EndGlobalSection
	GlobalSection(SolutionProperties) = preSolution
		HideSolutionNode = FALSE
	EndGlobalSection
	GlobalSection(NestedProjects) = preSolution
		{885970D3-1DA2-4357-B3EC-3AB1730F4B37} = {7E03F870-7A83-48C5-84AD-AF2C871B2CA5}
		{C211BBD8-D647-4474-8E51-AAB925BBD9F8} = {05132D3B-67BC-480A-B5F1-6BCE8B86B01F}
		{F6A03508-CBB2-4115-B951-616DB17C48B8} = {05132D3B-67BC-480A-B5F1-6BCE8B86B01F}
		{7E03F870-7A83-48C5-84AD-AF2C871B2CA5} = {05132D3B-67BC-480A-B5F1-6BCE8B86B01F}
		{92EFFD95-272B-4BE2-B5C0-CCB16707DDBA} = {C211BBD8-D647-4474-8E51-AAB925BBD9F8}
		{41B661DE-1B1F-4A06-AB71-55C1D740A3E7} = {C211BBD8-D647-4474-8E51-AAB925BBD9F8}
		{9C358EBF-7156-4F74-A2AB-F12742BC4409} = {F6A03508-CBB2-4115-B951-616DB17C48B8}
		{3C308B25-8267-46A5-B632-1F4C0A1B3E71} = {F6A03508-CBB2-4115-B951-616DB17C48B8}
	EndGlobalSection
	GlobalSection(ExtensibilityGlobals) = postSolution
		SolutionGuid = {44D029FA-A0C6-4EB4-8A86-C95A73665B42}
	EndGlobalSection
EndGlobal
